<?xml version="1.0" encoding="utf-8"?>
<Project ToolsVersion="4.0" xmlns="http://schemas.microsoft.com/developer/msbuild/2003">
  <ItemGroup>
    <ClCompile Include="Actor.cpp" />
    <ClCompile Include="Game\AsteroidGame.cpp" />
    <ClCompile Include="Game\Bullet.cpp" />
    <ClCompile Include="Components\AnimSpriteComponent.cpp" />
    <ClCompile Include="Components\BGSpriteComponent.cpp" />
    <ClCompile Include="Components\CircleComponent.cpp" />
    <ClCompile Include="Components\Component.cpp" />
    <ClCompile Include="Components\SpriteComponent.cpp" />
    <ClCompile Include="Game.cpp" />
    <ClCompile Include="GameMath.cpp" />
    <ClCompile Include="GameObject.cpp" />
    <ClCompile Include="Components\InputComponent.cpp" />
    <ClCompile Include="Game\Star.cpp" />
    <ClCompile Include="main.cpp" />
    <ClCompile Include="Components\MoveComponent.cpp" />
    <ClCompile Include="Random.cpp" />
    <ClCompile Include="Game\Ship.cpp" />
    <ClCompile Include="Renderer\Shader.cpp" />
    <ClCompile Include="Renderer\VertexArray.cpp" />
    <ClCompile Include="Renderer\Texture.cpp" />
  </ItemGroup>
  <ItemGroup>
    <ClInclude Include="Actor.h" />
    <ClInclude Include="Game\AsteroidGame.h" />
    <ClInclude Include="Game\Bullet.h" />
    <ClInclude Include="Components\AnimSpriteComponent.h" />
    <ClInclude Include="Components\BGSpriteComponent.h" />
    <ClInclude Include="Components\CircleComponent.h" />
    <ClInclude Include="Components\Component.h" />
    <ClInclude Include="Components\SpriteComponent.h" />
    <ClInclude Include="Game.h" />
    <ClInclude Include="GameMath.h" />
    <ClInclude Include="GameObject.h" />
    <ClInclude Include="Components\MoveComponent.h" />
    <ClInclude Include="Components\InputComponent.h" />
    <ClInclude Include="Game\Star.h" />
    <ClInclude Include="Random.h" />
    <ClInclude Include="Game\Ship.h" />
    <ClInclude Include="Renderer\Shader.h" />
    <ClInclude Include="Renderer\VertexArray.h" />
    <ClInclude Include="Renderer\Texture.h" />
  </ItemGroup>
  <ItemGroup>
    <None Include="Shaders\Basic.frag" />
    <None Include="Shaders\Basic.vert" />
    <None Include="Shaders\Sprite.frag" />
    <None Include="Shaders\Sprite.vert" />
    <None Include="Shaders\Transform.vert" />
    <None Include="Shaders\Background.vert" />
  </ItemGroup>
</Project>